
Microsoft Visual Studio Solution File, Format Version 12.00
# Visual Studio 14
VisualStudioVersion = 14.0.25123.0
MinimumVisualStudioVersion = 10.0.40219.1
Project("{8BB2217D-0F2D-49D1-97BC-3654ED321F3B}") = "ResourceManagement", "ResourceManagement\ResourceManagement.xproj", "{50BCA387-BD24-44F0-814F-E2DF8D5EDACB}"
EndProject
Project("{8BB2217D-0F2D-49D1-97BC-3654ED321F3B}") = "TestApp", "TestApp\TestApp.xproj", "{030E3ABF-0833-4F35-8E71-95C68ECC9614}"
	ProjectSection(ProjectDependencies) = postProject
		{E083CDB7-F6F1-44B9-8367-764C567FE970} = {E083CDB7-F6F1-44B9-8367-764C567FE970}
	EndProjectSection
EndProject
Project("{8BB2217D-0F2D-49D1-97BC-3654ED321F3B}") = "EventManagement", "EventManagement\EventManagement.xproj", "{E083CDB7-F6F1-44B9-8367-764C567FE970}"
EndProject
Project("{8BB2217D-0F2D-49D1-97BC-3654ED321F3B}") = "MVCCore", "MVCCore\MVCCore.xproj", "{016E0D7F-12AC-4890-9F91-CC7CD6F5A0C6}"
	ProjectSection(ProjectDependencies) = postProject
		{E083CDB7-F6F1-44B9-8367-764C567FE970} = {E083CDB7-F6F1-44B9-8367-764C567FE970}
	EndProjectSection
EndProject
Project("{8BB2217D-0F2D-49D1-97BC-3654ED321F3B}") = "Pencil.Gaming", "Pencil.Gaming\Pencil.Gaming.xproj", "{52FA5AEF-39A4-49D5-AB12-FA5C38961FBF}"
EndProject
Project("{8BB2217D-0F2D-49D1-97BC-3654ED321F3B}") = "NVorbis", "NVorbis\NVorbis.xproj", "{8858AFEE-A34A-4C4B-8F42-237D55F31223}"
EndProject
Project("{8BB2217D-0F2D-49D1-97BC-3654ED321F3B}") = "GLUT.NET", "GLUT.NET\GLUT.NET.xproj", "{4593700D-E9D8-406D-B02B-B93CF317A99C}"
	ProjectSection(ProjectDependencies) = postProject
		{52FA5AEF-39A4-49D5-AB12-FA5C38961FBF} = {52FA5AEF-39A4-49D5-AB12-FA5C38961FBF}
	EndProjectSection
EndProject
Global
	GlobalSection(SolutionConfigurationPlatforms) = preSolution
		Debug|Any CPU = Debug|Any CPU
		Release|Any CPU = Release|Any CPU
	EndGlobalSection
	GlobalSection(ProjectConfigurationPlatforms) = postSolution
		{50BCA387-BD24-44F0-814F-E2DF8D5EDACB}.Debug|Any CPU.ActiveCfg = Debug|Any CPU
		{50BCA387-BD24-44F0-814F-E2DF8D5EDACB}.Debug|Any CPU.Build.0 = Debug|Any CPU
		{50BCA387-BD24-44F0-814F-E2DF8D5EDACB}.Release|Any CPU.ActiveCfg = Release|Any CPU
		{50BCA387-BD24-44F0-814F-E2DF8D5EDACB}.Release|Any CPU.Build.0 = Release|Any CPU
		{030E3ABF-0833-4F35-8E71-95C68ECC9614}.Debug|Any CPU.ActiveCfg = Debug|Any CPU
		{030E3ABF-0833-4F35-8E71-95C68ECC9614}.Debug|Any CPU.Build.0 = Debug|Any CPU
		{030E3ABF-0833-4F35-8E71-95C68ECC9614}.Release|Any CPU.ActiveCfg = Release|Any CPU
		{030E3ABF-0833-4F35-8E71-95C68ECC9614}.Release|Any CPU.Build.0 = Release|Any CPU
		{E083CDB7-F6F1-44B9-8367-764C567FE970}.Debug|Any CPU.ActiveCfg = Debug|Any CPU
		{E083CDB7-F6F1-44B9-8367-764C567FE970}.Debug|Any CPU.Build.0 = Debug|Any CPU
		{E083CDB7-F6F1-44B9-8367-764C567FE970}.Release|Any CPU.ActiveCfg = Release|Any CPU
		{E083CDB7-F6F1-44B9-8367-764C567FE970}.Release|Any CPU.Build.0 = Release|Any CPU
		{016E0D7F-12AC-4890-9F91-CC7CD6F5A0C6}.Debug|Any CPU.ActiveCfg = Debug|Any CPU
		{016E0D7F-12AC-4890-9F91-CC7CD6F5A0C6}.Debug|Any CPU.Build.0 = Debug|Any CPU
		{016E0D7F-12AC-4890-9F91-CC7CD6F5A0C6}.Release|Any CPU.ActiveCfg = Release|Any CPU
		{016E0D7F-12AC-4890-9F91-CC7CD6F5A0C6}.Release|Any CPU.Build.0 = Release|Any CPU
		{52FA5AEF-39A4-49D5-AB12-FA5C38961FBF}.Debug|Any CPU.ActiveCfg = Debug|Any CPU
		{52FA5AEF-39A4-49D5-AB12-FA5C38961FBF}.Debug|Any CPU.Build.0 = Debug|Any CPU
		{52FA5AEF-39A4-49D5-AB12-FA5C38961FBF}.Release|Any CPU.ActiveCfg = Release|Any CPU
		{52FA5AEF-39A4-49D5-AB12-FA5C38961FBF}.Release|Any CPU.Build.0 = Release|Any CPU
		{8858AFEE-A34A-4C4B-8F42-237D55F31223}.Debug|Any CPU.ActiveCfg = Debug|Any CPU
		{8858AFEE-A34A-4C4B-8F42-237D55F31223}.Debug|Any CPU.Build.0 = Debug|Any CPU
		{8858AFEE-A34A-4C4B-8F42-237D55F31223}.Release|Any CPU.ActiveCfg = Release|Any CPU
		{8858AFEE-A34A-4C4B-8F42-237D55F31223}.Release|Any CPU.Build.0 = Release|Any CPU
		{4593700D-E9D8-406D-B02B-B93CF317A99C}.Debug|Any CPU.ActiveCfg = Debug|Any CPU
		{4593700D-E9D8-406D-B02B-B93CF317A99C}.Debug|Any CPU.Build.0 = Debug|Any CPU
		{4593700D-E9D8-406D-B02B-B93CF317A99C}.Release|Any CPU.ActiveCfg = Release|Any CPU
		{4593700D-E9D8-406D-B02B-B93CF317A99C}.Release|Any CPU.Build.0 = Release|Any CPU
	EndGlobalSection
	GlobalSection(SolutionProperties) = preSolution
		HideSolutionNode = FALSE
	EndGlobalSection
EndGlobal
